
Microsoft Visual Studio Solution File, Format Version 12.00
# Visual Studio Version 17
VisualStudioVersion = 17.1.32319.34
MinimumVisualStudioVersion = 10.0.40219.1
Project("{2150E333-8FDC-42A3-9474-1A3956D46DE8}") = "Solution Items", "Solution Items", "{6B4E4FF3-733A-43E1-AC27-5EAAC978EED5}"
	ProjectSection(SolutionItems) = preProject
		docker-compose.yml = docker-compose.yml
	EndProjectSection
EndProject
Project("{9A19103F-16F7-4668-BE54-9A1E7A4F7556}") = "TestMaker.TestService.Domain", "TestMaker.TestService.Domain\TestMaker.TestService.Domain.csproj", "{158A3F3B-FB91-4CFF-BC26-2B32DEB140B1}"
EndProject
Project("{9A19103F-16F7-4668-BE54-9A1E7A4F7556}") = "TestMaker.TestService.Infrastructure", "TestMaker.TestService.Infrastructure\TestMaker.TestService.Infrastructure.csproj", "{8F4EB6F7-7EC0-4354-9FF5-E0211117376E}"
EndProject
Project("{9A19103F-16F7-4668-BE54-9A1E7A4F7556}") = "TestMaker.TestService.UnitTests", "TestMaker.TestService.UnitTests\TestMaker.TestService.UnitTests.csproj", "{F380827D-7372-49F3-AB44-BB1ACBA2C36C}"
EndProject
Project("{9A19103F-16F7-4668-BE54-9A1E7A4F7556}") = "TestMaker.TestService.Api", "TestMaker.TestService.Api\TestMaker.TestService.Api.csproj", "{58DA9397-F62F-4A11-B2FA-234636A4D1E7}"
EndProject
Global
	GlobalSection(SolutionConfigurationPlatforms) = preSolution
		Debug|Any CPU = Debug|Any CPU
		Release|Any CPU = Release|Any CPU
	EndGlobalSection
	GlobalSection(ProjectConfigurationPlatforms) = postSolution
		{158A3F3B-FB91-4CFF-BC26-2B32DEB140B1}.Debug|Any CPU.ActiveCfg = Debug|Any CPU
		{158A3F3B-FB91-4CFF-BC26-2B32DEB140B1}.Debug|Any CPU.Build.0 = Debug|Any CPU
		{158A3F3B-FB91-4CFF-BC26-2B32DEB140B1}.Release|Any CPU.ActiveCfg = Release|Any CPU
		{158A3F3B-FB91-4CFF-BC26-2B32DEB140B1}.Release|Any CPU.Build.0 = Release|Any CPU
		{8F4EB6F7-7EC0-4354-9FF5-E0211117376E}.Debug|Any CPU.ActiveCfg = Debug|Any CPU
		{8F4EB6F7-7EC0-4354-9FF5-E0211117376E}.Debug|Any CPU.Build.0 = Debug|Any CPU
		{8F4EB6F7-7EC0-4354-9FF5-E0211117376E}.Release|Any CPU.ActiveCfg = Release|Any CPU
		{8F4EB6F7-7EC0-4354-9FF5-E0211117376E}.Release|Any CPU.Build.0 = Release|Any CPU
		{F380827D-7372-49F3-AB44-BB1ACBA2C36C}.Debug|Any CPU.ActiveCfg = Debug|Any CPU
		{F380827D-7372-49F3-AB44-BB1ACBA2C36C}.Debug|Any CPU.Build.0 = Debug|Any CPU
		{F380827D-7372-49F3-AB44-BB1ACBA2C36C}.Release|Any CPU.ActiveCfg = Release|Any CPU
		{F380827D-7372-49F3-AB44-BB1ACBA2C36C}.Release|Any CPU.Build.0 = Release|Any CPU
		{58DA9397-F62F-4A11-B2FA-234636A4D1E7}.Debug|Any CPU.ActiveCfg = Debug|Any CPU
		{58DA9397-F62F-4A11-B2FA-234636A4D1E7}.Debug|Any CPU.Build.0 = Debug|Any CPU
		{58DA9397-F62F-4A11-B2FA-234636A4D1E7}.Release|Any CPU.ActiveCfg = Release|Any CPU
		{58DA9397-F62F-4A11-B2FA-234636A4D1E7}.Release|Any CPU.Build.0 = Release|Any CPU
	EndGlobalSection
	GlobalSection(SolutionProperties) = preSolution
		HideSolutionNode = FALSE
	EndGlobalSection
	GlobalSection(ExtensibilityGlobals) = postSolution
		SolutionGuid = {2FBF5ED6-6B9C-4FB6-9DC1-9B2CC38A0278}
	EndGlobalSection
EndGlobal
